
Microsoft Visual Studio Solution File, Format Version 12.00
# Visual Studio Version 17
VisualStudioVersion = 17.11.35327.3
MinimumVisualStudioVersion = 10.0.40219.1
Project("{FAE04EC0-301F-11D3-BF4B-00C04F79EFBC}") = "ServerCustomException", "ServerCustomException.csproj", "{65F8CA4A-B121-4538-84F6-D71E7F31F657}"
EndProject
Global
	GlobalSection(SolutionConfigurationPlatforms) = preSolution
		Debug|Any CPU = Debug|Any CPU
		Release|Any CPU = Release|Any CPU
	EndGlobalSection
	GlobalSection(ProjectConfigurationPlatforms) = postSolution
		{65F8CA4A-B121-4538-84F6-D71E7F31F657}.Debug|Any CPU.ActiveCfg = Debug|Any CPU
		{65F8CA4A-B121-4538-84F6-D71E7F31F657}.Debug|Any CPU.Build.0 = Debug|Any CPU
		{65F8CA4A-B121-4538-84F6-D71E7F31F657}.Release|Any CPU.ActiveCfg = Release|Any CPU
		{65F8CA4A-B121-4538-84F6-D71E7F31F657}.Release|Any CPU.Build.0 = Release|Any CPU
	EndGlobalSection
	GlobalSection(SolutionProperties) = preSolution
		HideSolutionNode = FALSE
	EndGlobalSection
	GlobalSection(ExtensibilityGlobals) = postSolution
		SolutionGuid = {5995DAE2-8D93-444D-8550-98A91E5D6E92}
	EndGlobalSection
EndGlobal
